// !$*UTF8*$!
{
	archiveVersion = 1;
	classes = {
	};
	objectVersion = 51;
	objects = {

/* Begin PBXBuildFile section */
		355E5B67D6565A4C26812B4D /* Pods_Sillo_SilloUITests.framework in Frameworks */ = {isa = PBXBuildFile; fileRef = 61F5F4E6BF36F78CCB4A5763 /* Pods_Sillo_SilloUITests.framework */; };
		6A74907D4F7B86E6D66BCAE5 /* Pods_Sillo.framework in Frameworks */ = {isa = PBXBuildFile; fileRef = 7A6944E8B29A3B055FA61ABB /* Pods_Sillo.framework */; };
		A002D19425D8D4FD00A33B07 /* TeamSettingsTableViewCell.swift in Sources */ = {isa = PBXBuildFile; fileRef = A002D19325D8D4FD00A33B07 /* TeamSettingsTableViewCell.swift */; };
		A01CA46825C32AAA0028FCBB /* AllSetViewController.swift in Sources */ = {isa = PBXBuildFile; fileRef = A01CA46725C32AAA0028FCBB /* AllSetViewController.swift */; };
		A01CA46D25C32AE70028FCBB /* NotificationEnableViewController.swift in Sources */ = {isa = PBXBuildFile; fileRef = A01CA46C25C32AE70028FCBB /* NotificationEnableViewController.swift */; };
		A01CA47E25C333400028FCBB /* NewPostViewController.swift in Sources */ = {isa = PBXBuildFile; fileRef = A01CA47D25C333400028FCBB /* NewPostViewController.swift */; };
		A0334B6B25F5D6F1008A05F8 /* ProfileVC.swift in Sources */ = {isa = PBXBuildFile; fileRef = A0334B6A25F5D6F0008A05F8 /* ProfileVC.swift */; };
		A08E82DB25E00B2F00760BF1 /* TeamViewController.swift in Sources */ = {isa = PBXBuildFile; fileRef = A08E82DA25E00B2F00760BF1 /* TeamViewController.swift */; };
		A08E82E325E0276B00760BF1 /* FeedbackViewController.swift in Sources */ = {isa = PBXBuildFile; fileRef = A08E82E225E0276A00760BF1 /* FeedbackViewController.swift */; };
		A08E82EE25E16AB500760BF1 /* AccountViewController.swift in Sources */ = {isa = PBXBuildFile; fileRef = A08E82ED25E16AB500760BF1 /* AccountViewController.swift */; };
		A08E82F325E179A000760BF1 /* ChatViewTableViewCell.swift in Sources */ = {isa = PBXBuildFile; fileRef = A08E82F225E179A000760BF1 /* ChatViewTableViewCell.swift */; };
		A0A6BFE325EB9FA500F107F4 /* ProfileHalfVC.swift in Sources */ = {isa = PBXBuildFile; fileRef = A0A6BFE225EB9FA500F107F4 /* ProfileHalfVC.swift */; };
		A0A6BFEB25EBA08900F107F4 /* UIView+Snapshot.swift in Sources */ = {isa = PBXBuildFile; fileRef = A0A6BFEA25EBA08900F107F4 /* UIView+Snapshot.swift */; };
		A0B84E5A25DEE3DF00479E2E /* TeamCell.swift in Sources */ = {isa = PBXBuildFile; fileRef = A0B84E5925DEE3DE00479E2E /* TeamCell.swift */; };
		A0B84E6425DEE43500479E2E /* Contact.swift in Sources */ = {isa = PBXBuildFile; fileRef = A0B84E6325DEE43500479E2E /* Contact.swift */; };
		A0B84E6C25DFB34300479E2E /* SettingsViewController.swift in Sources */ = {isa = PBXBuildFile; fileRef = A0B84E6B25DFB34200479E2E /* SettingsViewController.swift */; };
		AA0A495A25FE141900FDD87F /* NotificationRequestViewController.swift in Sources */ = {isa = PBXBuildFile; fileRef = AA0A495925FE141900FDD87F /* NotificationRequestViewController.swift */; };
		AA19190E25FF669000180A80 /* StartScreenViewController.swift in Sources */ = {isa = PBXBuildFile; fileRef = AA19190D25FF669000180A80 /* StartScreenViewController.swift */; };
		AA56CE0A25B2722D000E4C52 /* VerificationProcessingViewController.swift in Sources */ = {isa = PBXBuildFile; fileRef = AA56CE0925B2722D000E4C52 /* VerificationProcessingViewController.swift */; };
		AA56CE0F25B278DF000E4C52 /* NameChangeProcessingViewController.swift in Sources */ = {isa = PBXBuildFile; fileRef = AA56CE0E25B278DF000E4C52 /* NameChangeProcessingViewController.swift */; };
		AA57BA7325E84587001C378B /* ProfilePromptViewController.swift in Sources */ = {isa = PBXBuildFile; fileRef = AA57BA7225E84587001C378B /* ProfilePromptViewController.swift */; };
		AA57BA7B25E87078001C378B /* ProfileSetupViewController.swift in Sources */ = {isa = PBXBuildFile; fileRef = AA57BA7A25E87078001C378B /* ProfileSetupViewController.swift */; };
		AA5A77A725A6B51000129484 /* CreateAccountViewController.swift in Sources */ = {isa = PBXBuildFile; fileRef = AA5A77A625A6B51000129484 /* CreateAccountViewController.swift */; };
		AA5A77AC25A6B6BB00129484 /* GoogleService-Info.plist in Resources */ = {isa = PBXBuildFile; fileRef = AA5A77AB25A6B6BB00129484 /* GoogleService-Info.plist */; };
		AA7E0F5B25E3C546004C8C94 /* ProfileSetInterestsViewController.swift in Sources */ = {isa = PBXBuildFile; fileRef = AA7E0F5A25E3C546004C8C94 /* ProfileSetInterestsViewController.swift */; };
		AA89B6A225FB618C00178D94 /* LoadingViewController.swift in Sources */ = {isa = PBXBuildFile; fileRef = AA89B6A125FB618C00178D94 /* LoadingViewController.swift */; };
		AA89B6B225FB800E00178D94 /* OldProfileEditViewController.swift in Sources */ = {isa = PBXBuildFile; fileRef = AA89B6B125FB800E00178D94 /* OldProfileEditViewController.swift */; };
		AA8B775525FAE5410032336F /* AddPeopleToSpaceViewController.swift in Sources */ = {isa = PBXBuildFile; fileRef = AA8B775125FAE5400032336F /* AddPeopleToSpaceViewController.swift */; };
		AA8B775725FAE5410032336F /* ConfirmEmailViewController.swift in Sources */ = {isa = PBXBuildFile; fileRef = AA8B775325FAE5410032336F /* ConfirmEmailViewController.swift */; };
		AA8B775825FAE5410032336F /* SetupOrganizationViewController.swift in Sources */ = {isa = PBXBuildFile; fileRef = AA8B775425FAE5410032336F /* SetupOrganizationViewController.swift */; };
		AA8B775D25FAE5BA0032336F /* Constants.swift in Sources */ = {isa = PBXBuildFile; fileRef = AA8B775C25FAE5BA0032336F /* Constants.swift */; };
		AA8B776425FAE5EE0032336F /* UserData.swift in Sources */ = {isa = PBXBuildFile; fileRef = AA8B776225FAE5EE0032336F /* UserData.swift */; };
		AA8B776525FAE5EE0032336F /* OrganizationData.swift in Sources */ = {isa = PBXBuildFile; fileRef = AA8B776325FAE5EE0032336F /* OrganizationData.swift */; };
		AAB807C225B13DC90070E938 /* SignInViewController.swift in Sources */ = {isa = PBXBuildFile; fileRef = AAB807C125B13DC90070E938 /* SignInViewController.swift */; };
		AAB807C725B154940070E938 /* SetNameViewController.swift in Sources */ = {isa = PBXBuildFile; fileRef = AAB807C625B154940070E938 /* SetNameViewController.swift */; };
		AABEC69525A83B7900D89C62 /* VerificationSuccessViewController.swift in Sources */ = {isa = PBXBuildFile; fileRef = AABEC69225A83B7900D89C62 /* VerificationSuccessViewController.swift */; };
		AABEC69625A83B7900D89C62 /* CloudUtil.swift in Sources */ = {isa = PBXBuildFile; fileRef = AABEC69325A83B7900D89C62 /* CloudUtil.swift */; };
		AABEC69725A83B7900D89C62 /* PasscodeVerificationViewController.swift in Sources */ = {isa = PBXBuildFile; fileRef = AABEC69425A83B7900D89C62 /* PasscodeVerificationViewController.swift */; };
		B1AC2219DD77C8E506068AF2 /* Pods_SilloTests.framework in Frameworks */ = {isa = PBXBuildFile; fileRef = 1885B1DACC0CA8C11C83EF4F /* Pods_SilloTests.framework */; };
		FD1D22A625A19F0700F1636C /* logoOnboardingViewController.swift in Sources */ = {isa = PBXBuildFile; fileRef = FD1D22A525A19F0700F1636C /* logoOnboardingViewController.swift */; };
		FD1D22AC25A19F5700F1636C /* Fonts.swift in Sources */ = {isa = PBXBuildFile; fileRef = FD1D22AB25A19F5700F1636C /* Fonts.swift */; };
		FD1D22B925A19F9E00F1636C /* Apercu Medium Italic.otf in Resources */ = {isa = PBXBuildFile; fileRef = FD1D22B025A19F9D00F1636C /* Apercu Medium Italic.otf */; };
		FD1D22BA25A19F9E00F1636C /* Apercu Medium.otf in Resources */ = {isa = PBXBuildFile; fileRef = FD1D22B125A19F9D00F1636C /* Apercu Medium.otf */; };
		FD1D22BB25A19F9E00F1636C /* Apercu Light.otf in Resources */ = {isa = PBXBuildFile; fileRef = FD1D22B225A19F9D00F1636C /* Apercu Light.otf */; };
		FD1D22BC25A19F9E00F1636C /* Apercu Italic.otf in Resources */ = {isa = PBXBuildFile; fileRef = FD1D22B325A19F9D00F1636C /* Apercu Italic.otf */; };
		FD1D22BD25A19F9E00F1636C /* Apercu Bold Italic.otf in Resources */ = {isa = PBXBuildFile; fileRef = FD1D22B425A19F9D00F1636C /* Apercu Bold Italic.otf */; };
		FD1D22BE25A19F9E00F1636C /* Apercu Light Italic.otf in Resources */ = {isa = PBXBuildFile; fileRef = FD1D22B525A19F9D00F1636C /* Apercu Light Italic.otf */; };
		FD1D22BF25A19F9E00F1636C /* Apercu Bold.otf in Resources */ = {isa = PBXBuildFile; fileRef = FD1D22B625A19F9D00F1636C /* Apercu Bold.otf */; };
		FD1D22C025A19F9E00F1636C /* Apercu Regular.otf in Resources */ = {isa = PBXBuildFile; fileRef = FD1D22B725A19F9E00F1636C /* Apercu Regular.otf */; };
		FD1D22C125A19F9E00F1636C /* Apercu Mono.otf in Resources */ = {isa = PBXBuildFile; fileRef = FD1D22B825A19F9E00F1636C /* Apercu Mono.otf */; };
		FD1DC5B525E10945007A0E70 /* CustomTabBarController.swift in Sources */ = {isa = PBXBuildFile; fileRef = FD1DC5B425E10945007A0E70 /* CustomTabBarController.swift */; };
		FD7C4F8625FDFB6900231F06 /* WelcomePageVC.swift in Sources */ = {isa = PBXBuildFile; fileRef = FD7C4F8525FDFB6900231F06 /* WelcomePageVC.swift */; };
		FD7C4F9625FDFC0000231F06 /* DesignableView.swift in Sources */ = {isa = PBXBuildFile; fileRef = FD7C4F9425FDFBFF00231F06 /* DesignableView.swift */; };
		FD7C4F9825FDFC0000231F06 /* AlwaysShowPopup.swift in Sources */ = {isa = PBXBuildFile; fileRef = FD7C4F9525FDFC0000231F06 /* AlwaysShowPopup.swift */; };
		FD7C4F9925FDFC0000231F06 /* ArrayChoiceTableViewController.swift in Sources */ = {isa = PBXBuildFile; fileRef = FD7C4F9325FDFBFF00231F06 /* ArrayChoiceTableViewController.swift */; };
		FD7C4FA525FE040A00231F06 /* MyConnectionsVC.swift in Sources */ = {isa = PBXBuildFile; fileRef = FD7C4FA425FE040A00231F06 /* MyConnectionsVC.swift */; };
		FD7C4FE025FE080700231F06 /* QuestsVC.swift in Sources */ = {isa = PBXBuildFile; fileRef = FD7C4FDF25FE080700231F06 /* QuestsVC.swift */; };
		FD8B839025F4B37E004980AC /* BottomSlideController.swift in Sources */ = {isa = PBXBuildFile; fileRef = FD8B838F25F4B37E004980AC /* BottomSlideController.swift */; };
		FD8B839525F4B468004980AC /* CustomTableViewCell.swift in Sources */ = {isa = PBXBuildFile; fileRef = FD8B839425F4B468004980AC /* CustomTableViewCell.swift */; };
		FD94907725C3EABA009F4F29 /* AchievementsViewController.swift in Sources */ = {isa = PBXBuildFile; fileRef = FD94907625C3EABA009F4F29 /* AchievementsViewController.swift */; };
		FD94908225C3EB26009F4F29 /* HomeViewController.swift in Sources */ = {isa = PBXBuildFile; fileRef = FD94908125C3EB26009F4F29 /* HomeViewController.swift */; };
		FD94908725C3EB31009F4F29 /* MessagesViewController.swift in Sources */ = {isa = PBXBuildFile; fileRef = FD94908625C3EB31009F4F29 /* MessagesViewController.swift */; };
		FD94909925C3FC7D009F4F29 /* CustomNavigationController.swift in Sources */ = {isa = PBXBuildFile; fileRef = FD94909825C3FC7D009F4F29 /* CustomNavigationController.swift */; };
		FD9D92C025A13B25003C7883 /* AppDelegate.swift in Sources */ = {isa = PBXBuildFile; fileRef = FD9D92BF25A13B25003C7883 /* AppDelegate.swift */; };
		FD9D92C225A13B25003C7883 /* SceneDelegate.swift in Sources */ = {isa = PBXBuildFile; fileRef = FD9D92C125A13B25003C7883 /* SceneDelegate.swift */; };
		FD9D92C425A13B25003C7883 /* PageViewController.swift in Sources */ = {isa = PBXBuildFile; fileRef = FD9D92C325A13B25003C7883 /* PageViewController.swift */; };
		FD9D92CA25A13B25003C7883 /* Sillo.xcdatamodeld in Sources */ = {isa = PBXBuildFile; fileRef = FD9D92C825A13B25003C7883 /* Sillo.xcdatamodeld */; };
		FD9D92CC25A13B29003C7883 /* Assets.xcassets in Resources */ = {isa = PBXBuildFile; fileRef = FD9D92CB25A13B29003C7883 /* Assets.xcassets */; };
		FD9D92CF25A13B29003C7883 /* LaunchScreen.storyboard in Resources */ = {isa = PBXBuildFile; fileRef = FD9D92CD25A13B29003C7883 /* LaunchScreen.storyboard */; };
		FD9D92DA25A13B2A003C7883 /* SilloTests.swift in Sources */ = {isa = PBXBuildFile; fileRef = FD9D92D925A13B2A003C7883 /* SilloTests.swift */; };
		FD9D92E525A13B2A003C7883 /* SilloUITests.swift in Sources */ = {isa = PBXBuildFile; fileRef = FD9D92E425A13B2A003C7883 /* SilloUITests.swift */; };
		FDA03F8425CCA09100F5F530 /* Colors+Home.swift in Sources */ = {isa = PBXBuildFile; fileRef = FDA03F8325CCA09100F5F530 /* Colors+Home.swift */; };
		FDA03F8925CCAA2E00F5F530 /* HomePostTableViewCell.swift in Sources */ = {isa = PBXBuildFile; fileRef = FDA03F8825CCAA2D00F5F530 /* HomePostTableViewCell.swift */; };
		FDAC59A225A57DB500BC2110 /* Colors.swift in Sources */ = {isa = PBXBuildFile; fileRef = FDAC59A125A57DB500BC2110 /* Colors.swift */; };
		FDB3400425AC09E700097FE1 /* WelcomeToSilloViewController.swift in Sources */ = {isa = PBXBuildFile; fileRef = FDB3400325AC09E700097FE1 /* WelcomeToSilloViewController.swift */; };
/* End PBXBuildFile section */

/* Begin PBXContainerItemProxy section */
		FD9D92D625A13B2A003C7883 /* PBXContainerItemProxy */ = {
			isa = PBXContainerItemProxy;
			containerPortal = FD9D92B425A13B25003C7883 /* Project object */;
			proxyType = 1;
			remoteGlobalIDString = FD9D92BB25A13B25003C7883;
			remoteInfo = Sillo;
		};
		FD9D92E125A13B2A003C7883 /* PBXContainerItemProxy */ = {
			isa = PBXContainerItemProxy;
			containerPortal = FD9D92B425A13B25003C7883 /* Project object */;
			proxyType = 1;
			remoteGlobalIDString = FD9D92BB25A13B25003C7883;
			remoteInfo = Sillo;
		};
/* End PBXContainerItemProxy section */

/* Begin PBXFileReference section */
		1885B1DACC0CA8C11C83EF4F /* Pods_SilloTests.framework */ = {isa = PBXFileReference; explicitFileType = wrapper.framework; includeInIndex = 0; path = Pods_SilloTests.framework; sourceTree = BUILT_PRODUCTS_DIR; };
		1EBAA2DAE90204B4F443FF7A /* Pods-Sillo-SilloUITests.debug.xcconfig */ = {isa = PBXFileReference; includeInIndex = 1; lastKnownFileType = text.xcconfig; name = "Pods-Sillo-SilloUITests.debug.xcconfig"; path = "Target Support Files/Pods-Sillo-SilloUITests/Pods-Sillo-SilloUITests.debug.xcconfig"; sourceTree = "<group>"; };
		61F5F4E6BF36F78CCB4A5763 /* Pods_Sillo_SilloUITests.framework */ = {isa = PBXFileReference; explicitFileType = wrapper.framework; includeInIndex = 0; path = Pods_Sillo_SilloUITests.framework; sourceTree = BUILT_PRODUCTS_DIR; };
		7A6944E8B29A3B055FA61ABB /* Pods_Sillo.framework */ = {isa = PBXFileReference; explicitFileType = wrapper.framework; includeInIndex = 0; path = Pods_Sillo.framework; sourceTree = BUILT_PRODUCTS_DIR; };
		7BCA0954960CE21B72418AB6 /* Pods-SilloTests.release.xcconfig */ = {isa = PBXFileReference; includeInIndex = 1; lastKnownFileType = text.xcconfig; name = "Pods-SilloTests.release.xcconfig"; path = "Target Support Files/Pods-SilloTests/Pods-SilloTests.release.xcconfig"; sourceTree = "<group>"; };
		82ADEC15985E2EB3E2847F79 /* Pods-SilloTests.debug.xcconfig */ = {isa = PBXFileReference; includeInIndex = 1; lastKnownFileType = text.xcconfig; name = "Pods-SilloTests.debug.xcconfig"; path = "Target Support Files/Pods-SilloTests/Pods-SilloTests.debug.xcconfig"; sourceTree = "<group>"; };
		8B3BECB7D5B4441B64CF4EAE /* Pods-Sillo.debug.xcconfig */ = {isa = PBXFileReference; includeInIndex = 1; lastKnownFileType = text.xcconfig; name = "Pods-Sillo.debug.xcconfig"; path = "Target Support Files/Pods-Sillo/Pods-Sillo.debug.xcconfig"; sourceTree = "<group>"; };
		A002D19325D8D4FD00A33B07 /* TeamSettingsTableViewCell.swift */ = {isa = PBXFileReference; lastKnownFileType = sourcecode.swift; path = TeamSettingsTableViewCell.swift; sourceTree = "<group>"; };
		A01CA46725C32AAA0028FCBB /* AllSetViewController.swift */ = {isa = PBXFileReference; lastKnownFileType = sourcecode.swift; path = AllSetViewController.swift; sourceTree = "<group>"; };
		A01CA46C25C32AE70028FCBB /* NotificationEnableViewController.swift */ = {isa = PBXFileReference; lastKnownFileType = sourcecode.swift; path = NotificationEnableViewController.swift; sourceTree = "<group>"; };
		A01CA47D25C333400028FCBB /* NewPostViewController.swift */ = {isa = PBXFileReference; lastKnownFileType = sourcecode.swift; path = NewPostViewController.swift; sourceTree = "<group>"; };
		A0334B6A25F5D6F0008A05F8 /* ProfileVC.swift */ = {isa = PBXFileReference; lastKnownFileType = sourcecode.swift; path = ProfileVC.swift; sourceTree = "<group>"; };
		A08E82DA25E00B2F00760BF1 /* TeamViewController.swift */ = {isa = PBXFileReference; lastKnownFileType = sourcecode.swift; path = TeamViewController.swift; sourceTree = "<group>"; };
		A08E82E225E0276A00760BF1 /* FeedbackViewController.swift */ = {isa = PBXFileReference; lastKnownFileType = sourcecode.swift; path = FeedbackViewController.swift; sourceTree = "<group>"; };
		A08E82ED25E16AB500760BF1 /* AccountViewController.swift */ = {isa = PBXFileReference; lastKnownFileType = sourcecode.swift; path = AccountViewController.swift; sourceTree = "<group>"; };
		A08E82F225E179A000760BF1 /* ChatViewTableViewCell.swift */ = {isa = PBXFileReference; lastKnownFileType = sourcecode.swift; path = ChatViewTableViewCell.swift; sourceTree = "<group>"; };
		A0A6BFE225EB9FA500F107F4 /* ProfileHalfVC.swift */ = {isa = PBXFileReference; fileEncoding = 4; lastKnownFileType = sourcecode.swift; path = ProfileHalfVC.swift; sourceTree = "<group>"; };
		A0A6BFEA25EBA08900F107F4 /* UIView+Snapshot.swift */ = {isa = PBXFileReference; lastKnownFileType = sourcecode.swift; path = "UIView+Snapshot.swift"; sourceTree = "<group>"; };
		A0B84E5925DEE3DE00479E2E /* TeamCell.swift */ = {isa = PBXFileReference; lastKnownFileType = sourcecode.swift; path = TeamCell.swift; sourceTree = "<group>"; };
		A0B84E6325DEE43500479E2E /* Contact.swift */ = {isa = PBXFileReference; lastKnownFileType = sourcecode.swift; path = Contact.swift; sourceTree = "<group>"; };
		A0B84E6B25DFB34200479E2E /* SettingsViewController.swift */ = {isa = PBXFileReference; lastKnownFileType = sourcecode.swift; path = SettingsViewController.swift; sourceTree = "<group>"; };
		AA0A495925FE141900FDD87F /* NotificationRequestViewController.swift */ = {isa = PBXFileReference; fileEncoding = 4; lastKnownFileType = sourcecode.swift; path = NotificationRequestViewController.swift; sourceTree = "<group>"; };
		AA19190D25FF669000180A80 /* StartScreenViewController.swift */ = {isa = PBXFileReference; lastKnownFileType = sourcecode.swift; path = StartScreenViewController.swift; sourceTree = "<group>"; };
		AA56CE0925B2722D000E4C52 /* VerificationProcessingViewController.swift */ = {isa = PBXFileReference; lastKnownFileType = sourcecode.swift; path = VerificationProcessingViewController.swift; sourceTree = "<group>"; };
		AA56CE0E25B278DF000E4C52 /* NameChangeProcessingViewController.swift */ = {isa = PBXFileReference; lastKnownFileType = sourcecode.swift; path = NameChangeProcessingViewController.swift; sourceTree = "<group>"; };
		AA57BA7225E84587001C378B /* ProfilePromptViewController.swift */ = {isa = PBXFileReference; lastKnownFileType = sourcecode.swift; path = ProfilePromptViewController.swift; sourceTree = "<group>"; };
		AA57BA7A25E87078001C378B /* ProfileSetupViewController.swift */ = {isa = PBXFileReference; lastKnownFileType = sourcecode.swift; path = ProfileSetupViewController.swift; sourceTree = "<group>"; };
		AA5A77A625A6B51000129484 /* CreateAccountViewController.swift */ = {isa = PBXFileReference; fileEncoding = 4; lastKnownFileType = sourcecode.swift; path = CreateAccountViewController.swift; sourceTree = "<group>"; };
		AA5A77AB25A6B6BB00129484 /* GoogleService-Info.plist */ = {isa = PBXFileReference; fileEncoding = 4; lastKnownFileType = text.plist.xml; path = "GoogleService-Info.plist"; sourceTree = "<group>"; };
		AA7E0F5A25E3C546004C8C94 /* ProfileSetInterestsViewController.swift */ = {isa = PBXFileReference; fileEncoding = 4; lastKnownFileType = sourcecode.swift; path = ProfileSetInterestsViewController.swift; sourceTree = "<group>"; };
		AA89B6A125FB618C00178D94 /* LoadingViewController.swift */ = {isa = PBXFileReference; fileEncoding = 4; lastKnownFileType = sourcecode.swift; path = LoadingViewController.swift; sourceTree = "<group>"; };
		AA89B6B125FB800E00178D94 /* OldProfileEditViewController.swift */ = {isa = PBXFileReference; lastKnownFileType = sourcecode.swift; path = OldProfileEditViewController.swift; sourceTree = "<group>"; };
		AA8B775125FAE5400032336F /* AddPeopleToSpaceViewController.swift */ = {isa = PBXFileReference; fileEncoding = 4; lastKnownFileType = sourcecode.swift; path = AddPeopleToSpaceViewController.swift; sourceTree = "<group>"; };
		AA8B775325FAE5410032336F /* ConfirmEmailViewController.swift */ = {isa = PBXFileReference; fileEncoding = 4; lastKnownFileType = sourcecode.swift; path = ConfirmEmailViewController.swift; sourceTree = "<group>"; };
		AA8B775425FAE5410032336F /* SetupOrganizationViewController.swift */ = {isa = PBXFileReference; fileEncoding = 4; lastKnownFileType = sourcecode.swift; path = SetupOrganizationViewController.swift; sourceTree = "<group>"; };
		AA8B775C25FAE5BA0032336F /* Constants.swift */ = {isa = PBXFileReference; fileEncoding = 4; lastKnownFileType = sourcecode.swift; path = Constants.swift; sourceTree = "<group>"; };
		AA8B776225FAE5EE0032336F /* UserData.swift */ = {isa = PBXFileReference; fileEncoding = 4; lastKnownFileType = sourcecode.swift; path = UserData.swift; sourceTree = "<group>"; };
		AA8B776325FAE5EE0032336F /* OrganizationData.swift */ = {isa = PBXFileReference; fileEncoding = 4; lastKnownFileType = sourcecode.swift; path = OrganizationData.swift; sourceTree = "<group>"; };
		AAB807C125B13DC90070E938 /* SignInViewController.swift */ = {isa = PBXFileReference; lastKnownFileType = sourcecode.swift; path = SignInViewController.swift; sourceTree = "<group>"; };
		AAB807C625B154940070E938 /* SetNameViewController.swift */ = {isa = PBXFileReference; lastKnownFileType = sourcecode.swift; path = SetNameViewController.swift; sourceTree = "<group>"; };
		AABEC69225A83B7900D89C62 /* VerificationSuccessViewController.swift */ = {isa = PBXFileReference; fileEncoding = 4; lastKnownFileType = sourcecode.swift; path = VerificationSuccessViewController.swift; sourceTree = "<group>"; };
		AABEC69325A83B7900D89C62 /* CloudUtil.swift */ = {isa = PBXFileReference; fileEncoding = 4; lastKnownFileType = sourcecode.swift; path = CloudUtil.swift; sourceTree = "<group>"; };
		AABEC69425A83B7900D89C62 /* PasscodeVerificationViewController.swift */ = {isa = PBXFileReference; fileEncoding = 4; lastKnownFileType = sourcecode.swift; path = PasscodeVerificationViewController.swift; sourceTree = "<group>"; };
		AAD5196725AB123A00EB2B78 /* Sillo.entitlements */ = {isa = PBXFileReference; lastKnownFileType = text.plist.entitlements; path = Sillo.entitlements; sourceTree = "<group>"; };
		C3E5B7BDD69653A1973E77B0 /* Pods-Sillo-SilloUITests.release.xcconfig */ = {isa = PBXFileReference; includeInIndex = 1; lastKnownFileType = text.xcconfig; name = "Pods-Sillo-SilloUITests.release.xcconfig"; path = "Target Support Files/Pods-Sillo-SilloUITests/Pods-Sillo-SilloUITests.release.xcconfig"; sourceTree = "<group>"; };
		F29CDC423F1F6A880C4EFA11 /* Pods-Sillo.release.xcconfig */ = {isa = PBXFileReference; includeInIndex = 1; lastKnownFileType = text.xcconfig; name = "Pods-Sillo.release.xcconfig"; path = "Target Support Files/Pods-Sillo/Pods-Sillo.release.xcconfig"; sourceTree = "<group>"; };
		FD1D22A525A19F0700F1636C /* logoOnboardingViewController.swift */ = {isa = PBXFileReference; lastKnownFileType = sourcecode.swift; path = logoOnboardingViewController.swift; sourceTree = "<group>"; };
		FD1D22AB25A19F5700F1636C /* Fonts.swift */ = {isa = PBXFileReference; lastKnownFileType = sourcecode.swift; path = Fonts.swift; sourceTree = "<group>"; };
		FD1D22B025A19F9D00F1636C /* Apercu Medium Italic.otf */ = {isa = PBXFileReference; lastKnownFileType = file; path = "Apercu Medium Italic.otf"; sourceTree = "<group>"; };
		FD1D22B125A19F9D00F1636C /* Apercu Medium.otf */ = {isa = PBXFileReference; lastKnownFileType = file; path = "Apercu Medium.otf"; sourceTree = "<group>"; };
		FD1D22B225A19F9D00F1636C /* Apercu Light.otf */ = {isa = PBXFileReference; lastKnownFileType = file; path = "Apercu Light.otf"; sourceTree = "<group>"; };
		FD1D22B325A19F9D00F1636C /* Apercu Italic.otf */ = {isa = PBXFileReference; lastKnownFileType = file; path = "Apercu Italic.otf"; sourceTree = "<group>"; };
		FD1D22B425A19F9D00F1636C /* Apercu Bold Italic.otf */ = {isa = PBXFileReference; lastKnownFileType = file; path = "Apercu Bold Italic.otf"; sourceTree = "<group>"; };
		FD1D22B525A19F9D00F1636C /* Apercu Light Italic.otf */ = {isa = PBXFileReference; lastKnownFileType = file; path = "Apercu Light Italic.otf"; sourceTree = "<group>"; };
		FD1D22B625A19F9D00F1636C /* Apercu Bold.otf */ = {isa = PBXFileReference; lastKnownFileType = file; path = "Apercu Bold.otf"; sourceTree = "<group>"; };
		FD1D22B725A19F9E00F1636C /* Apercu Regular.otf */ = {isa = PBXFileReference; lastKnownFileType = file; path = "Apercu Regular.otf"; sourceTree = "<group>"; };
		FD1D22B825A19F9E00F1636C /* Apercu Mono.otf */ = {isa = PBXFileReference; lastKnownFileType = file; path = "Apercu Mono.otf"; sourceTree = "<group>"; };
		FD1DC5B425E10945007A0E70 /* CustomTabBarController.swift */ = {isa = PBXFileReference; lastKnownFileType = sourcecode.swift; path = CustomTabBarController.swift; sourceTree = "<group>"; };
		FD7C4F8525FDFB6900231F06 /* WelcomePageVC.swift */ = {isa = PBXFileReference; fileEncoding = 4; lastKnownFileType = sourcecode.swift; path = WelcomePageVC.swift; sourceTree = "<group>"; };
		FD7C4F9325FDFBFF00231F06 /* ArrayChoiceTableViewController.swift */ = {isa = PBXFileReference; lastKnownFileType = sourcecode.swift; path = ArrayChoiceTableViewController.swift; sourceTree = "<group>"; };
		FD7C4F9425FDFBFF00231F06 /* DesignableView.swift */ = {isa = PBXFileReference; lastKnownFileType = sourcecode.swift; path = DesignableView.swift; sourceTree = "<group>"; };
		FD7C4F9525FDFC0000231F06 /* AlwaysShowPopup.swift */ = {isa = PBXFileReference; lastKnownFileType = sourcecode.swift; path = AlwaysShowPopup.swift; sourceTree = "<group>"; };
		FD7C4FA425FE040A00231F06 /* MyConnectionsVC.swift */ = {isa = PBXFileReference; fileEncoding = 4; lastKnownFileType = sourcecode.swift; path = MyConnectionsVC.swift; sourceTree = "<group>"; };
		FD7C4FDF25FE080700231F06 /* QuestsVC.swift */ = {isa = PBXFileReference; lastKnownFileType = sourcecode.swift; path = QuestsVC.swift; sourceTree = "<group>"; };
		FD8B838F25F4B37E004980AC /* BottomSlideController.swift */ = {isa = PBXFileReference; fileEncoding = 4; lastKnownFileType = sourcecode.swift; path = BottomSlideController.swift; sourceTree = "<group>"; };
		FD8B839425F4B468004980AC /* CustomTableViewCell.swift */ = {isa = PBXFileReference; lastKnownFileType = sourcecode.swift; path = CustomTableViewCell.swift; sourceTree = "<group>"; };
		FD94907625C3EABA009F4F29 /* AchievementsViewController.swift */ = {isa = PBXFileReference; lastKnownFileType = sourcecode.swift; path = AchievementsViewController.swift; sourceTree = "<group>"; };
		FD94908125C3EB26009F4F29 /* HomeViewController.swift */ = {isa = PBXFileReference; lastKnownFileType = sourcecode.swift; path = HomeViewController.swift; sourceTree = "<group>"; };
		FD94908625C3EB31009F4F29 /* MessagesViewController.swift */ = {isa = PBXFileReference; lastKnownFileType = sourcecode.swift; path = MessagesViewController.swift; sourceTree = "<group>"; };
		FD94909825C3FC7D009F4F29 /* CustomNavigationController.swift */ = {isa = PBXFileReference; lastKnownFileType = sourcecode.swift; path = CustomNavigationController.swift; sourceTree = "<group>"; };
		FD9D92BC25A13B25003C7883 /* Sillo.app */ = {isa = PBXFileReference; explicitFileType = wrapper.application; includeInIndex = 0; path = Sillo.app; sourceTree = BUILT_PRODUCTS_DIR; };
		FD9D92BF25A13B25003C7883 /* AppDelegate.swift */ = {isa = PBXFileReference; lastKnownFileType = sourcecode.swift; path = AppDelegate.swift; sourceTree = "<group>"; };
		FD9D92C125A13B25003C7883 /* SceneDelegate.swift */ = {isa = PBXFileReference; lastKnownFileType = sourcecode.swift; path = SceneDelegate.swift; sourceTree = "<group>"; };
		FD9D92C325A13B25003C7883 /* PageViewController.swift */ = {isa = PBXFileReference; lastKnownFileType = sourcecode.swift; path = PageViewController.swift; sourceTree = "<group>"; };
		FD9D92C925A13B25003C7883 /* Sillo.xcdatamodel */ = {isa = PBXFileReference; lastKnownFileType = wrapper.xcdatamodel; path = Sillo.xcdatamodel; sourceTree = "<group>"; };
		FD9D92CB25A13B29003C7883 /* Assets.xcassets */ = {isa = PBXFileReference; lastKnownFileType = folder.assetcatalog; path = Assets.xcassets; sourceTree = "<group>"; };
		FD9D92CE25A13B29003C7883 /* Base */ = {isa = PBXFileReference; lastKnownFileType = file.storyboard; name = Base; path = Base.lproj/LaunchScreen.storyboard; sourceTree = "<group>"; };
		FD9D92D025A13B29003C7883 /* Info.plist */ = {isa = PBXFileReference; lastKnownFileType = text.plist.xml; path = Info.plist; sourceTree = "<group>"; };
		FD9D92D525A13B2A003C7883 /* SilloTests.xctest */ = {isa = PBXFileReference; explicitFileType = wrapper.cfbundle; includeInIndex = 0; path = SilloTests.xctest; sourceTree = BUILT_PRODUCTS_DIR; };
		FD9D92D925A13B2A003C7883 /* SilloTests.swift */ = {isa = PBXFileReference; lastKnownFileType = sourcecode.swift; path = SilloTests.swift; sourceTree = "<group>"; };
		FD9D92DB25A13B2A003C7883 /* Info.plist */ = {isa = PBXFileReference; lastKnownFileType = text.plist.xml; path = Info.plist; sourceTree = "<group>"; };
		FD9D92E025A13B2A003C7883 /* SilloUITests.xctest */ = {isa = PBXFileReference; explicitFileType = wrapper.cfbundle; includeInIndex = 0; path = SilloUITests.xctest; sourceTree = BUILT_PRODUCTS_DIR; };
		FD9D92E425A13B2A003C7883 /* SilloUITests.swift */ = {isa = PBXFileReference; lastKnownFileType = sourcecode.swift; path = SilloUITests.swift; sourceTree = "<group>"; };
		FD9D92E625A13B2A003C7883 /* Info.plist */ = {isa = PBXFileReference; lastKnownFileType = text.plist.xml; path = Info.plist; sourceTree = "<group>"; };
		FDA03F8325CCA09100F5F530 /* Colors+Home.swift */ = {isa = PBXFileReference; lastKnownFileType = sourcecode.swift; path = "Colors+Home.swift"; sourceTree = "<group>"; };
		FDA03F8825CCAA2D00F5F530 /* HomePostTableViewCell.swift */ = {isa = PBXFileReference; lastKnownFileType = sourcecode.swift; path = HomePostTableViewCell.swift; sourceTree = "<group>"; };
		FDAC59A125A57DB500BC2110 /* Colors.swift */ = {isa = PBXFileReference; lastKnownFileType = sourcecode.swift; path = Colors.swift; sourceTree = "<group>"; };
		FDB3400325AC09E700097FE1 /* WelcomeToSilloViewController.swift */ = {isa = PBXFileReference; lastKnownFileType = sourcecode.swift; path = WelcomeToSilloViewController.swift; sourceTree = "<group>"; };
/* End PBXFileReference section */

/* Begin PBXFrameworksBuildPhase section */
		FD9D92B925A13B25003C7883 /* Frameworks */ = {
			isa = PBXFrameworksBuildPhase;
			buildActionMask = 2147483647;
			files = (
				6A74907D4F7B86E6D66BCAE5 /* Pods_Sillo.framework in Frameworks */,
			);
			runOnlyForDeploymentPostprocessing = 0;
		};
		FD9D92D225A13B2A003C7883 /* Frameworks */ = {
			isa = PBXFrameworksBuildPhase;
			buildActionMask = 2147483647;
			files = (
				B1AC2219DD77C8E506068AF2 /* Pods_SilloTests.framework in Frameworks */,
			);
			runOnlyForDeploymentPostprocessing = 0;
		};
		FD9D92DD25A13B2A003C7883 /* Frameworks */ = {
			isa = PBXFrameworksBuildPhase;
			buildActionMask = 2147483647;
			files = (
				355E5B67D6565A4C26812B4D /* Pods_Sillo_SilloUITests.framework in Frameworks */,
			);
			runOnlyForDeploymentPostprocessing = 0;
		};
/* End PBXFrameworksBuildPhase section */

/* Begin PBXGroup section */
		2E206362424AD2D9FABE0282 /* Pods */ = {
			isa = PBXGroup;
			children = (
				8B3BECB7D5B4441B64CF4EAE /* Pods-Sillo.debug.xcconfig */,
				F29CDC423F1F6A880C4EFA11 /* Pods-Sillo.release.xcconfig */,
				1EBAA2DAE90204B4F443FF7A /* Pods-Sillo-SilloUITests.debug.xcconfig */,
				C3E5B7BDD69653A1973E77B0 /* Pods-Sillo-SilloUITests.release.xcconfig */,
				82ADEC15985E2EB3E2847F79 /* Pods-SilloTests.debug.xcconfig */,
				7BCA0954960CE21B72418AB6 /* Pods-SilloTests.release.xcconfig */,
			);
			path = Pods;
			sourceTree = "<group>";
		};
		3D63387CB939910033204FC8 /* Frameworks */ = {
			isa = PBXGroup;
			children = (
				7A6944E8B29A3B055FA61ABB /* Pods_Sillo.framework */,
				61F5F4E6BF36F78CCB4A5763 /* Pods_Sillo_SilloUITests.framework */,
				1885B1DACC0CA8C11C83EF4F /* Pods_SilloTests.framework */,
			);
			name = Frameworks;
			sourceTree = "<group>";
		};
		A01CA47325C333080028FCBB /* Home */ = {
			isa = PBXGroup;
			children = (
				FD7C4F8525FDFB6900231F06 /* WelcomePageVC.swift */,
				FD8B838F25F4B37E004980AC /* BottomSlideController.swift */,
				FD8B839425F4B468004980AC /* CustomTableViewCell.swift */,
			);
			path = Home;
			sourceTree = "<group>";
		};
		AA196FA125BEA51C00A9997B /* Onboarding */ = {
			isa = PBXGroup;
			children = (
				AA0A495925FE141900FDD87F /* NotificationRequestViewController.swift */,
				AA8B775125FAE5400032336F /* AddPeopleToSpaceViewController.swift */,
				AA8B775325FAE5410032336F /* ConfirmEmailViewController.swift */,
				AA8B775425FAE5410032336F /* SetupOrganizationViewController.swift */,
				FD9D92C325A13B25003C7883 /* PageViewController.swift */,
				AA5A77A625A6B51000129484 /* CreateAccountViewController.swift */,
				AAB807C125B13DC90070E938 /* SignInViewController.swift */,
				AA56CE0925B2722D000E4C52 /* VerificationProcessingViewController.swift */,
				AA56CE0E25B278DF000E4C52 /* NameChangeProcessingViewController.swift */,
				AABEC69425A83B7900D89C62 /* PasscodeVerificationViewController.swift */,
				AAB807C625B154940070E938 /* SetNameViewController.swift */,
				AABEC69225A83B7900D89C62 /* VerificationSuccessViewController.swift */,
				A01CA46725C32AAA0028FCBB /* AllSetViewController.swift */,
				A01CA46C25C32AE70028FCBB /* NotificationEnableViewController.swift */,
				AA57BA7225E84587001C378B /* ProfilePromptViewController.swift */,
				AA57BA7A25E87078001C378B /* ProfileSetupViewController.swift */,
				AA7E0F5A25E3C546004C8C94 /* ProfileSetInterestsViewController.swift */,
				AA89B6B125FB800E00178D94 /* OldProfileEditViewController.swift */,
			);
			path = Onboarding;
			sourceTree = "<group>";
		};
		AA8B776125FAE5DA0032336F /* Model */ = {
			isa = PBXGroup;
			children = (
				AA8B776325FAE5EE0032336F /* OrganizationData.swift */,
				AA8B776225FAE5EE0032336F /* UserData.swift */,
			);
			path = Model;
			sourceTree = "<group>";
		};
		FD1D22A025A16D1100F1636C /* Assets */ = {
			isa = PBXGroup;
			children = (
				FD1D22AA25A19F3500F1636C /* Fonts */,
				FD1D22A125A16DC600F1636C /* Colors */,
			);
			path = Assets;
			sourceTree = "<group>";
		};
		FD1D22A125A16DC600F1636C /* Colors */ = {
			isa = PBXGroup;
			children = (
				FDAC59A125A57DB500BC2110 /* Colors.swift */,
				FDA03F8325CCA09100F5F530 /* Colors+Home.swift */,
			);
			path = Colors;
			sourceTree = "<group>";
		};
		FD1D22AA25A19F3500F1636C /* Fonts */ = {
			isa = PBXGroup;
			children = (
				FD1D22B425A19F9D00F1636C /* Apercu Bold Italic.otf */,
				FD1D22B625A19F9D00F1636C /* Apercu Bold.otf */,
				FD1D22B325A19F9D00F1636C /* Apercu Italic.otf */,
				FD1D22B525A19F9D00F1636C /* Apercu Light Italic.otf */,
				FD1D22B225A19F9D00F1636C /* Apercu Light.otf */,
				FD1D22B025A19F9D00F1636C /* Apercu Medium Italic.otf */,
				FD1D22B125A19F9D00F1636C /* Apercu Medium.otf */,
				FD1D22B825A19F9E00F1636C /* Apercu Mono.otf */,
				FD1D22B725A19F9E00F1636C /* Apercu Regular.otf */,
				FD1D22AB25A19F5700F1636C /* Fonts.swift */,
			);
			path = Fonts;
			sourceTree = "<group>";
		};
		FD7C4FA025FDFC1400231F06 /* SupportClass */ = {
			isa = PBXGroup;
			children = (
				FD7C4F9525FDFC0000231F06 /* AlwaysShowPopup.swift */,
				FD7C4F9325FDFBFF00231F06 /* ArrayChoiceTableViewController.swift */,
				FD7C4F9425FDFBFF00231F06 /* DesignableView.swift */,
			);
			path = SupportClass;
			sourceTree = "<group>";
		};
		FD94907525C3EA80009F4F29 /* Main Tab Views */ = {
			isa = PBXGroup;
			children = (
				A01CA47325C333080028FCBB /* Home */,
				FD94907625C3EABA009F4F29 /* AchievementsViewController.swift */,
				FD94909825C3FC7D009F4F29 /* CustomNavigationController.swift */,
				A01CA47D25C333400028FCBB /* NewPostViewController.swift */,
				FD94908125C3EB26009F4F29 /* HomeViewController.swift */,
				FDA03F8825CCAA2D00F5F530 /* HomePostTableViewCell.swift */,
				FD94908625C3EB31009F4F29 /* MessagesViewController.swift */,
				A08E82F225E179A000760BF1 /* ChatViewTableViewCell.swift */,
				A0B84E6B25DFB34200479E2E /* SettingsViewController.swift */,
				A08E82ED25E16AB500760BF1 /* AccountViewController.swift */,
				A08E82E225E0276A00760BF1 /* FeedbackViewController.swift */,
				A0B84E5925DEE3DE00479E2E /* TeamCell.swift */,
				FD7C4FDF25FE080700231F06 /* QuestsVC.swift */,
				FD7C4FA425FE040A00231F06 /* MyConnectionsVC.swift */,
				A08E82DA25E00B2F00760BF1 /* TeamViewController.swift */,
				A0B84E6325DEE43500479E2E /* Contact.swift */,
				A002D19325D8D4FD00A33B07 /* TeamSettingsTableViewCell.swift */,
				FD1DC5B425E10945007A0E70 /* CustomTabBarController.swift */,
			);
			path = "Main Tab Views";
			sourceTree = "<group>";
		};
		FD9D92B325A13B25003C7883 = {
			isa = PBXGroup;
			children = (
				FD9D92BE25A13B25003C7883 /* Sillo */,
				FD9D92D825A13B2A003C7883 /* SilloTests */,
				FD9D92E325A13B2A003C7883 /* SilloUITests */,
				FD9D92BD25A13B25003C7883 /* Products */,
				2E206362424AD2D9FABE0282 /* Pods */,
				3D63387CB939910033204FC8 /* Frameworks */,
			);
			sourceTree = "<group>";
		};
		FD9D92BD25A13B25003C7883 /* Products */ = {
			isa = PBXGroup;
			children = (
				FD9D92BC25A13B25003C7883 /* Sillo.app */,
				FD9D92D525A13B2A003C7883 /* SilloTests.xctest */,
				FD9D92E025A13B2A003C7883 /* SilloUITests.xctest */,
			);
			name = Products;
			sourceTree = "<group>";
		};
		FD9D92BE25A13B25003C7883 /* Sillo */ = {
			isa = PBXGroup;
			children = (
				AA8B776125FAE5DA0032336F /* Model */,
				AA8B775C25FAE5BA0032336F /* Constants.swift */,
				A0A6BFE225EB9FA500F107F4 /* ProfileHalfVC.swift */,
				A0334B6A25F5D6F0008A05F8 /* ProfileVC.swift */,
				A0A6BFEA25EBA08900F107F4 /* UIView+Snapshot.swift */,
				AAD5196725AB123A00EB2B78 /* Sillo.entitlements */,
				FD1D22A025A16D1100F1636C /* Assets */,
				FD9D92BF25A13B25003C7883 /* AppDelegate.swift */,
				FD9D92C125A13B25003C7883 /* SceneDelegate.swift */,
				FD1D22A525A19F0700F1636C /* logoOnboardingViewController.swift */,
				AA19190D25FF669000180A80 /* StartScreenViewController.swift */,
				FDB3400325AC09E700097FE1 /* WelcomeToSilloViewController.swift */,
				AA89B6A125FB618C00178D94 /* LoadingViewController.swift */,
				AA196FA125BEA51C00A9997B /* Onboarding */,
				FD94907525C3EA80009F4F29 /* Main Tab Views */,
				AABEC69325A83B7900D89C62 /* CloudUtil.swift */,
				FD7C4FA025FDFC1400231F06 /* SupportClass */,
				FD9D92CB25A13B29003C7883 /* Assets.xcassets */,
				FD9D92CD25A13B29003C7883 /* LaunchScreen.storyboard */,
				FD9D92D025A13B29003C7883 /* Info.plist */,
				AA5A77AB25A6B6BB00129484 /* GoogleService-Info.plist */,
				FD9D92C825A13B25003C7883 /* Sillo.xcdatamodeld */,
			);
			path = Sillo;
			sourceTree = "<group>";
		};
		FD9D92D825A13B2A003C7883 /* SilloTests */ = {
			isa = PBXGroup;
			children = (
				FD9D92D925A13B2A003C7883 /* SilloTests.swift */,
				FD9D92DB25A13B2A003C7883 /* Info.plist */,
			);
			path = SilloTests;
			sourceTree = "<group>";
		};
		FD9D92E325A13B2A003C7883 /* SilloUITests */ = {
			isa = PBXGroup;
			children = (
				FD9D92E425A13B2A003C7883 /* SilloUITests.swift */,
				FD9D92E625A13B2A003C7883 /* Info.plist */,
			);
			path = SilloUITests;
			sourceTree = "<group>";
		};
/* End PBXGroup section */

/* Begin PBXNativeTarget section */
		FD9D92BB25A13B25003C7883 /* Sillo */ = {
			isa = PBXNativeTarget;
			buildConfigurationList = FD9D92E925A13B2A003C7883 /* Build configuration list for PBXNativeTarget "Sillo" */;
			buildPhases = (
				43D15F7CA3C1ED29E725C23A /* [CP] Check Pods Manifest.lock */,
				FD9D92B825A13B25003C7883 /* Sources */,
				FD9D92B925A13B25003C7883 /* Frameworks */,
				FD9D92BA25A13B25003C7883 /* Resources */,
				DCD54740BF7E5A9E4C21BEE6 /* [CP] Embed Pods Frameworks */,
				B0A4858F0A836FA89E60E600 /* [CP] Copy Pods Resources */,
			);
			buildRules = (
			);
			dependencies = (
			);
			name = Sillo;
			productName = Sillo;
			productReference = FD9D92BC25A13B25003C7883 /* Sillo.app */;
			productType = "com.apple.product-type.application";
		};
		FD9D92D425A13B2A003C7883 /* SilloTests */ = {
			isa = PBXNativeTarget;
			buildConfigurationList = FD9D92EC25A13B2A003C7883 /* Build configuration list for PBXNativeTarget "SilloTests" */;
			buildPhases = (
				7ECB6D466B47DB6CC366DED6 /* [CP] Check Pods Manifest.lock */,
				FD9D92D125A13B2A003C7883 /* Sources */,
				FD9D92D225A13B2A003C7883 /* Frameworks */,
				FD9D92D325A13B2A003C7883 /* Resources */,
			);
			buildRules = (
			);
			dependencies = (
				FD9D92D725A13B2A003C7883 /* PBXTargetDependency */,
			);
			name = SilloTests;
			productName = SilloTests;
			productReference = FD9D92D525A13B2A003C7883 /* SilloTests.xctest */;
			productType = "com.apple.product-type.bundle.unit-test";
		};
		FD9D92DF25A13B2A003C7883 /* SilloUITests */ = {
			isa = PBXNativeTarget;
			buildConfigurationList = FD9D92EF25A13B2A003C7883 /* Build configuration list for PBXNativeTarget "SilloUITests" */;
			buildPhases = (
				4181F41046684F9C5DFD5FD2 /* [CP] Check Pods Manifest.lock */,
				FD9D92DC25A13B2A003C7883 /* Sources */,
				FD9D92DD25A13B2A003C7883 /* Frameworks */,
				FD9D92DE25A13B2A003C7883 /* Resources */,
				A38C5A279C2BEB87E6537461 /* [CP] Embed Pods Frameworks */,
				44C04DC5B73EC4461967762B /* [CP] Copy Pods Resources */,
			);
			buildRules = (
			);
			dependencies = (
				FD9D92E225A13B2A003C7883 /* PBXTargetDependency */,
			);
			name = SilloUITests;
			productName = SilloUITests;
			productReference = FD9D92E025A13B2A003C7883 /* SilloUITests.xctest */;
			productType = "com.apple.product-type.bundle.ui-testing";
		};
/* End PBXNativeTarget section */

/* Begin PBXProject section */
		FD9D92B425A13B25003C7883 /* Project object */ = {
			isa = PBXProject;
			attributes = {
				LastSwiftUpdateCheck = 1230;
				LastUpgradeCheck = 1230;
				TargetAttributes = {
					FD9D92BB25A13B25003C7883 = {
						CreatedOnToolsVersion = 12.3;
					};
					FD9D92D425A13B2A003C7883 = {
						CreatedOnToolsVersion = 12.3;
						TestTargetID = FD9D92BB25A13B25003C7883;
					};
					FD9D92DF25A13B2A003C7883 = {
						CreatedOnToolsVersion = 12.3;
						TestTargetID = FD9D92BB25A13B25003C7883;
					};
				};
			};
			buildConfigurationList = FD9D92B725A13B25003C7883 /* Build configuration list for PBXProject "Sillo" */;
			compatibilityVersion = "Xcode 9.3";
			developmentRegion = en;
			hasScannedForEncodings = 0;
			knownRegions = (
				en,
				Base,
			);
			mainGroup = FD9D92B325A13B25003C7883;
			productRefGroup = FD9D92BD25A13B25003C7883 /* Products */;
			projectDirPath = "";
			projectRoot = "";
			targets = (
				FD9D92BB25A13B25003C7883 /* Sillo */,
				FD9D92D425A13B2A003C7883 /* SilloTests */,
				FD9D92DF25A13B2A003C7883 /* SilloUITests */,
			);
		};
/* End PBXProject section */

/* Begin PBXResourcesBuildPhase section */
		FD9D92BA25A13B25003C7883 /* Resources */ = {
			isa = PBXResourcesBuildPhase;
			buildActionMask = 2147483647;
			files = (
				FD1D22BF25A19F9E00F1636C /* Apercu Bold.otf in Resources */,
				FD1D22BB25A19F9E00F1636C /* Apercu Light.otf in Resources */,
				FD1D22B925A19F9E00F1636C /* Apercu Medium Italic.otf in Resources */,
				FD1D22BA25A19F9E00F1636C /* Apercu Medium.otf in Resources */,
				FD9D92CF25A13B29003C7883 /* LaunchScreen.storyboard in Resources */,
				AA5A77AC25A6B6BB00129484 /* GoogleService-Info.plist in Resources */,
				FD1D22BE25A19F9E00F1636C /* Apercu Light Italic.otf in Resources */,
				FD1D22BD25A19F9E00F1636C /* Apercu Bold Italic.otf in Resources */,
				FD1D22BC25A19F9E00F1636C /* Apercu Italic.otf in Resources */,
				FD9D92CC25A13B29003C7883 /* Assets.xcassets in Resources */,
				FD1D22C025A19F9E00F1636C /* Apercu Regular.otf in Resources */,
				FD1D22C125A19F9E00F1636C /* Apercu Mono.otf in Resources */,
			);
			runOnlyForDeploymentPostprocessing = 0;
		};
		FD9D92D325A13B2A003C7883 /* Resources */ = {
			isa = PBXResourcesBuildPhase;
			buildActionMask = 2147483647;
			files = (
			);
			runOnlyForDeploymentPostprocessing = 0;
		};
		FD9D92DE25A13B2A003C7883 /* Resources */ = {
			isa = PBXResourcesBuildPhase;
			buildActionMask = 2147483647;
			files = (
			);
			runOnlyForDeploymentPostprocessing = 0;
		};
/* End PBXResourcesBuildPhase section */

/* Begin PBXShellScriptBuildPhase section */
		4181F41046684F9C5DFD5FD2 /* [CP] Check Pods Manifest.lock */ = {
			isa = PBXShellScriptBuildPhase;
			buildActionMask = 2147483647;
			files = (
			);
			inputFileListPaths = (
			);
			inputPaths = (
				"${PODS_PODFILE_DIR_PATH}/Podfile.lock",
				"${PODS_ROOT}/Manifest.lock",
			);
			name = "[CP] Check Pods Manifest.lock";
			outputFileListPaths = (
			);
			outputPaths = (
				"$(DERIVED_FILE_DIR)/Pods-Sillo-SilloUITests-checkManifestLockResult.txt",
			);
			runOnlyForDeploymentPostprocessing = 0;
			shellPath = /bin/sh;
			shellScript = "diff \"${PODS_PODFILE_DIR_PATH}/Podfile.lock\" \"${PODS_ROOT}/Manifest.lock\" > /dev/null\nif [ $? != 0 ] ; then\n    # print error to STDERR\n    echo \"error: The sandbox is not in sync with the Podfile.lock. Run 'pod install' or update your CocoaPods installation.\" >&2\n    exit 1\nfi\n# This output is used by Xcode 'outputs' to avoid re-running this script phase.\necho \"SUCCESS\" > \"${SCRIPT_OUTPUT_FILE_0}\"\n";
			showEnvVarsInLog = 0;
		};
		43D15F7CA3C1ED29E725C23A /* [CP] Check Pods Manifest.lock */ = {
			isa = PBXShellScriptBuildPhase;
			buildActionMask = 2147483647;
			files = (
			);
			inputFileListPaths = (
			);
			inputPaths = (
				"${PODS_PODFILE_DIR_PATH}/Podfile.lock",
				"${PODS_ROOT}/Manifest.lock",
			);
			name = "[CP] Check Pods Manifest.lock";
			outputFileListPaths = (
			);
			outputPaths = (
				"$(DERIVED_FILE_DIR)/Pods-Sillo-checkManifestLockResult.txt",
			);
			runOnlyForDeploymentPostprocessing = 0;
			shellPath = /bin/sh;
			shellScript = "diff \"${PODS_PODFILE_DIR_PATH}/Podfile.lock\" \"${PODS_ROOT}/Manifest.lock\" > /dev/null\nif [ $? != 0 ] ; then\n    # print error to STDERR\n    echo \"error: The sandbox is not in sync with the Podfile.lock. Run 'pod install' or update your CocoaPods installation.\" >&2\n    exit 1\nfi\n# This output is used by Xcode 'outputs' to avoid re-running this script phase.\necho \"SUCCESS\" > \"${SCRIPT_OUTPUT_FILE_0}\"\n";
			showEnvVarsInLog = 0;
		};
		44C04DC5B73EC4461967762B /* [CP] Copy Pods Resources */ = {
			isa = PBXShellScriptBuildPhase;
			buildActionMask = 2147483647;
			files = (
			);
			inputFileListPaths = (
				"${PODS_ROOT}/Target Support Files/Pods-Sillo-SilloUITests/Pods-Sillo-SilloUITests-resources-${CONFIGURATION}-input-files.xcfilelist",
			);
			name = "[CP] Copy Pods Resources";
			outputFileListPaths = (
				"${PODS_ROOT}/Target Support Files/Pods-Sillo-SilloUITests/Pods-Sillo-SilloUITests-resources-${CONFIGURATION}-output-files.xcfilelist",
			);
			runOnlyForDeploymentPostprocessing = 0;
			shellPath = /bin/sh;
			shellScript = "\"${PODS_ROOT}/Target Support Files/Pods-Sillo-SilloUITests/Pods-Sillo-SilloUITests-resources.sh\"\n";
			showEnvVarsInLog = 0;
		};
		7ECB6D466B47DB6CC366DED6 /* [CP] Check Pods Manifest.lock */ = {
			isa = PBXShellScriptBuildPhase;
			buildActionMask = 2147483647;
			files = (
			);
			inputFileListPaths = (
			);
			inputPaths = (
				"${PODS_PODFILE_DIR_PATH}/Podfile.lock",
				"${PODS_ROOT}/Manifest.lock",
			);
			name = "[CP] Check Pods Manifest.lock";
			outputFileListPaths = (
			);
			outputPaths = (
				"$(DERIVED_FILE_DIR)/Pods-SilloTests-checkManifestLockResult.txt",
			);
			runOnlyForDeploymentPostprocessing = 0;
			shellPath = /bin/sh;
			shellScript = "diff \"${PODS_PODFILE_DIR_PATH}/Podfile.lock\" \"${PODS_ROOT}/Manifest.lock\" > /dev/null\nif [ $? != 0 ] ; then\n    # print error to STDERR\n    echo \"error: The sandbox is not in sync with the Podfile.lock. Run 'pod install' or update your CocoaPods installation.\" >&2\n    exit 1\nfi\n# This output is used by Xcode 'outputs' to avoid re-running this script phase.\necho \"SUCCESS\" > \"${SCRIPT_OUTPUT_FILE_0}\"\n";
			showEnvVarsInLog = 0;
		};
		A38C5A279C2BEB87E6537461 /* [CP] Embed Pods Frameworks */ = {
			isa = PBXShellScriptBuildPhase;
			buildActionMask = 2147483647;
			files = (
			);
			inputFileListPaths = (
				"${PODS_ROOT}/Target Support Files/Pods-Sillo-SilloUITests/Pods-Sillo-SilloUITests-frameworks-${CONFIGURATION}-input-files.xcfilelist",
			);
			name = "[CP] Embed Pods Frameworks";
			outputFileListPaths = (
				"${PODS_ROOT}/Target Support Files/Pods-Sillo-SilloUITests/Pods-Sillo-SilloUITests-frameworks-${CONFIGURATION}-output-files.xcfilelist",
			);
			runOnlyForDeploymentPostprocessing = 0;
			shellPath = /bin/sh;
			shellScript = "\"${PODS_ROOT}/Target Support Files/Pods-Sillo-SilloUITests/Pods-Sillo-SilloUITests-frameworks.sh\"\n";
			showEnvVarsInLog = 0;
		};
		B0A4858F0A836FA89E60E600 /* [CP] Copy Pods Resources */ = {
			isa = PBXShellScriptBuildPhase;
			buildActionMask = 2147483647;
			files = (
			);
			inputFileListPaths = (
				"${PODS_ROOT}/Target Support Files/Pods-Sillo/Pods-Sillo-resources-${CONFIGURATION}-input-files.xcfilelist",
			);
			name = "[CP] Copy Pods Resources";
			outputFileListPaths = (
				"${PODS_ROOT}/Target Support Files/Pods-Sillo/Pods-Sillo-resources-${CONFIGURATION}-output-files.xcfilelist",
			);
			runOnlyForDeploymentPostprocessing = 0;
			shellPath = /bin/sh;
			shellScript = "\"${PODS_ROOT}/Target Support Files/Pods-Sillo/Pods-Sillo-resources.sh\"\n";
			showEnvVarsInLog = 0;
		};
		DCD54740BF7E5A9E4C21BEE6 /* [CP] Embed Pods Frameworks */ = {
			isa = PBXShellScriptBuildPhase;
			buildActionMask = 2147483647;
			files = (
			);
			inputFileListPaths = (
				"${PODS_ROOT}/Target Support Files/Pods-Sillo/Pods-Sillo-frameworks-${CONFIGURATION}-input-files.xcfilelist",
			);
			name = "[CP] Embed Pods Frameworks";
			outputFileListPaths = (
				"${PODS_ROOT}/Target Support Files/Pods-Sillo/Pods-Sillo-frameworks-${CONFIGURATION}-output-files.xcfilelist",
			);
			runOnlyForDeploymentPostprocessing = 0;
			shellPath = /bin/sh;
			shellScript = "\"${PODS_ROOT}/Target Support Files/Pods-Sillo/Pods-Sillo-frameworks.sh\"\n";
			showEnvVarsInLog = 0;
		};
/* End PBXShellScriptBuildPhase section */

/* Begin PBXSourcesBuildPhase section */
		FD9D92B825A13B25003C7883 /* Sources */ = {
			isa = PBXSourcesBuildPhase;
			buildActionMask = 2147483647;
			files = (
				AA8B776525FAE5EE0032336F /* OrganizationData.swift in Sources */,
				FD9D92C425A13B25003C7883 /* PageViewController.swift in Sources */,
				FD9D92CA25A13B25003C7883 /* Sillo.xcdatamodeld in Sources */,
				A0B84E6C25DFB34300479E2E /* SettingsViewController.swift in Sources */,
				FD7C4F8625FDFB6900231F06 /* WelcomePageVC.swift in Sources */,
				FD1DC5B525E10945007A0E70 /* CustomTabBarController.swift in Sources */,
				FDB3400425AC09E700097FE1 /* WelcomeToSilloViewController.swift in Sources */,
				FD1D22A625A19F0700F1636C /* logoOnboardingViewController.swift in Sources */,
				FDA03F8425CCA09100F5F530 /* Colors+Home.swift in Sources */,
				AABEC69525A83B7900D89C62 /* VerificationSuccessViewController.swift in Sources */,
				FD7C4FA525FE040A00231F06 /* MyConnectionsVC.swift in Sources */,
				A0B84E6425DEE43500479E2E /* Contact.swift in Sources */,
				FD7C4F9925FDFC0000231F06 /* ArrayChoiceTableViewController.swift in Sources */,
				AA8B775D25FAE5BA0032336F /* Constants.swift in Sources */,
				A0B84E6425DEE43500479E2E /* Contact.swift in Sources */,
				AA89B6A225FB618C00178D94 /* LoadingViewController.swift in Sources */,
				FD94908725C3EB31009F4F29 /* MessagesViewController.swift in Sources */,
				FD94908225C3EB26009F4F29 /* HomeViewController.swift in Sources */,
				FDAC59A225A57DB500BC2110 /* Colors.swift in Sources */,
				AA5A77A725A6B51000129484 /* CreateAccountViewController.swift in Sources */,
				FD9D92C025A13B25003C7883 /* AppDelegate.swift in Sources */,
				FDA03F8925CCAA2E00F5F530 /* HomePostTableViewCell.swift in Sources */,
				AA57BA7B25E87078001C378B /* ProfileSetupViewController.swift in Sources */,
				AABEC69725A83B7900D89C62 /* PasscodeVerificationViewController.swift in Sources */,
				AA8B775725FAE5410032336F /* ConfirmEmailViewController.swift in Sources */,
				FD94909925C3FC7D009F4F29 /* CustomNavigationController.swift in Sources */,
				AA7E0F5B25E3C546004C8C94 /* ProfileSetInterestsViewController.swift in Sources */,
				AA0A495A25FE141900FDD87F /* NotificationRequestViewController.swift in Sources */,
				AABEC69625A83B7900D89C62 /* CloudUtil.swift in Sources */,
				AA8B775825FAE5410032336F /* SetupOrganizationViewController.swift in Sources */,
				A0A6BFEB25EBA08900F107F4 /* UIView+Snapshot.swift in Sources */,
				FD94909925C3FC7D009F4F29 /* CustomNavigationController.swift in Sources */,
				AA7E0F5B25E3C546004C8C94 /* ProfileSetInterestsViewController.swift in Sources */,
				AABEC69625A83B7900D89C62 /* CloudUtil.swift in Sources */,
				FD8B839025F4B37E004980AC /* BottomSlideController.swift in Sources */,
				A0334B6B25F5D6F1008A05F8 /* ProfileVC.swift in Sources */,
				A01CA47E25C333400028FCBB /* NewPostViewController.swift in Sources */,
				A08E82E325E0276B00760BF1 /* FeedbackViewController.swift in Sources */,
				FD8B839525F4B468004980AC /* CustomTableViewCell.swift in Sources */,
				FD1D22AC25A19F5700F1636C /* Fonts.swift in Sources */,
				A08E82F325E179A000760BF1 /* ChatViewTableViewCell.swift in Sources */,
				A01CA46D25C32AE70028FCBB /* NotificationEnableViewController.swift in Sources */,
				AAB807C225B13DC90070E938 /* SignInViewController.swift in Sources */,
				AA19190E25FF669000180A80 /* StartScreenViewController.swift in Sources */,
				A002D19425D8D4FD00A33B07 /* TeamSettingsTableViewCell.swift in Sources */,
				AAB807C725B154940070E938 /* SetNameViewController.swift in Sources */,
				A08E82EE25E16AB500760BF1 /* AccountViewController.swift in Sources */,
				AA56CE0F25B278DF000E4C52 /* NameChangeProcessingViewController.swift in Sources */,
				AA56CE0A25B2722D000E4C52 /* VerificationProcessingViewController.swift in Sources */,
				FD9D92C225A13B25003C7883 /* SceneDelegate.swift in Sources */,
				FD7C4FE025FE080700231F06 /* QuestsVC.swift in Sources */,
				FD7C4F9625FDFC0000231F06 /* DesignableView.swift in Sources */,
				AA8B775525FAE5410032336F /* AddPeopleToSpaceViewController.swift in Sources */,
				A01CA46825C32AAA0028FCBB /* AllSetViewController.swift in Sources */,
				AA8B776425FAE5EE0032336F /* UserData.swift in Sources */,
				A0B84E5A25DEE3DF00479E2E /* TeamCell.swift in Sources */,
				A0A6BFE325EB9FA500F107F4 /* ProfileHalfVC.swift in Sources */,
				AA57BA7325E84587001C378B /* ProfilePromptViewController.swift in Sources */,
				FD7C4F9825FDFC0000231F06 /* AlwaysShowPopup.swift in Sources */,
				FD94907725C3EABA009F4F29 /* AchievementsViewController.swift in Sources */,
				A08E82DB25E00B2F00760BF1 /* TeamViewController.swift in Sources */,
				AA89B6B225FB800E00178D94 /* OldProfileEditViewController.swift in Sources */,
			);
			runOnlyForDeploymentPostprocessing = 0;
		};
		FD9D92D125A13B2A003C7883 /* Sources */ = {
			isa = PBXSourcesBuildPhase;
			buildActionMask = 2147483647;
			files = (
				FD9D92DA25A13B2A003C7883 /* SilloTests.swift in Sources */,
			);
			runOnlyForDeploymentPostprocessing = 0;
		};
		FD9D92DC25A13B2A003C7883 /* Sources */ = {
			isa = PBXSourcesBuildPhase;
			buildActionMask = 2147483647;
			files = (
				FD9D92E525A13B2A003C7883 /* SilloUITests.swift in Sources */,
			);
			runOnlyForDeploymentPostprocessing = 0;
		};
/* End PBXSourcesBuildPhase section */

/* Begin PBXTargetDependency section */
		FD9D92D725A13B2A003C7883 /* PBXTargetDependency */ = {
			isa = PBXTargetDependency;
			target = FD9D92BB25A13B25003C7883 /* Sillo */;
			targetProxy = FD9D92D625A13B2A003C7883 /* PBXContainerItemProxy */;
		};
		FD9D92E225A13B2A003C7883 /* PBXTargetDependency */ = {
			isa = PBXTargetDependency;
			target = FD9D92BB25A13B25003C7883 /* Sillo */;
			targetProxy = FD9D92E125A13B2A003C7883 /* PBXContainerItemProxy */;
		};
/* End PBXTargetDependency section */

/* Begin PBXVariantGroup section */
		FD9D92CD25A13B29003C7883 /* LaunchScreen.storyboard */ = {
			isa = PBXVariantGroup;
			children = (
				FD9D92CE25A13B29003C7883 /* Base */,
			);
			name = LaunchScreen.storyboard;
			sourceTree = "<group>";
		};
/* End PBXVariantGroup section */

/* Begin XCBuildConfiguration section */
		FD9D92E725A13B2A003C7883 /* Debug */ = {
			isa = XCBuildConfiguration;
			buildSettings = {
				ALWAYS_SEARCH_USER_PATHS = NO;
				CLANG_ANALYZER_NONNULL = YES;
				CLANG_ANALYZER_NUMBER_OBJECT_CONVERSION = YES_AGGRESSIVE;
				CLANG_CXX_LANGUAGE_STANDARD = "gnu++14";
				CLANG_CXX_LIBRARY = "libc++";
				CLANG_ENABLE_MODULES = YES;
				CLANG_ENABLE_OBJC_ARC = YES;
				CLANG_ENABLE_OBJC_WEAK = YES;
				CLANG_WARN_BLOCK_CAPTURE_AUTORELEASING = YES;
				CLANG_WARN_BOOL_CONVERSION = YES;
				CLANG_WARN_COMMA = YES;
				CLANG_WARN_CONSTANT_CONVERSION = YES;
				CLANG_WARN_DEPRECATED_OBJC_IMPLEMENTATIONS = YES;
				CLANG_WARN_DIRECT_OBJC_ISA_USAGE = YES_ERROR;
				CLANG_WARN_DOCUMENTATION_COMMENTS = YES;
				CLANG_WARN_EMPTY_BODY = YES;
				CLANG_WARN_ENUM_CONVERSION = YES;
				CLANG_WARN_INFINITE_RECURSION = YES;
				CLANG_WARN_INT_CONVERSION = YES;
				CLANG_WARN_NON_LITERAL_NULL_CONVERSION = YES;
				CLANG_WARN_OBJC_IMPLICIT_RETAIN_SELF = YES;
				CLANG_WARN_OBJC_LITERAL_CONVERSION = YES;
				CLANG_WARN_OBJC_ROOT_CLASS = YES_ERROR;
				CLANG_WARN_QUOTED_INCLUDE_IN_FRAMEWORK_HEADER = YES;
				CLANG_WARN_RANGE_LOOP_ANALYSIS = YES;
				CLANG_WARN_STRICT_PROTOTYPES = YES;
				CLANG_WARN_SUSPICIOUS_MOVE = YES;
				CLANG_WARN_UNGUARDED_AVAILABILITY = YES_AGGRESSIVE;
				CLANG_WARN_UNREACHABLE_CODE = YES;
				CLANG_WARN__DUPLICATE_METHOD_MATCH = YES;
				COPY_PHASE_STRIP = NO;
				DEBUG_INFORMATION_FORMAT = dwarf;
				ENABLE_STRICT_OBJC_MSGSEND = YES;
				ENABLE_TESTABILITY = YES;
				GCC_C_LANGUAGE_STANDARD = gnu11;
				GCC_DYNAMIC_NO_PIC = NO;
				GCC_NO_COMMON_BLOCKS = YES;
				GCC_OPTIMIZATION_LEVEL = 0;
				GCC_PREPROCESSOR_DEFINITIONS = (
					"DEBUG=1",
					"$(inherited)",
				);
				GCC_WARN_64_TO_32_BIT_CONVERSION = YES;
				GCC_WARN_ABOUT_RETURN_TYPE = YES_ERROR;
				GCC_WARN_UNDECLARED_SELECTOR = YES;
				GCC_WARN_UNINITIALIZED_AUTOS = YES_AGGRESSIVE;
				GCC_WARN_UNUSED_FUNCTION = YES;
				GCC_WARN_UNUSED_VARIABLE = YES;
				IPHONEOS_DEPLOYMENT_TARGET = 14.3;
				MTL_ENABLE_DEBUG_INFO = INCLUDE_SOURCE;
				MTL_FAST_MATH = YES;
				ONLY_ACTIVE_ARCH = YES;
				SDKROOT = iphoneos;
				SWIFT_ACTIVE_COMPILATION_CONDITIONS = DEBUG;
				SWIFT_OPTIMIZATION_LEVEL = "-Onone";
			};
			name = Debug;
		};
		FD9D92E825A13B2A003C7883 /* Release */ = {
			isa = XCBuildConfiguration;
			buildSettings = {
				ALWAYS_SEARCH_USER_PATHS = NO;
				CLANG_ANALYZER_NONNULL = YES;
				CLANG_ANALYZER_NUMBER_OBJECT_CONVERSION = YES_AGGRESSIVE;
				CLANG_CXX_LANGUAGE_STANDARD = "gnu++14";
				CLANG_CXX_LIBRARY = "libc++";
				CLANG_ENABLE_MODULES = YES;
				CLANG_ENABLE_OBJC_ARC = YES;
				CLANG_ENABLE_OBJC_WEAK = YES;
				CLANG_WARN_BLOCK_CAPTURE_AUTORELEASING = YES;
				CLANG_WARN_BOOL_CONVERSION = YES;
				CLANG_WARN_COMMA = YES;
				CLANG_WARN_CONSTANT_CONVERSION = YES;
				CLANG_WARN_DEPRECATED_OBJC_IMPLEMENTATIONS = YES;
				CLANG_WARN_DIRECT_OBJC_ISA_USAGE = YES_ERROR;
				CLANG_WARN_DOCUMENTATION_COMMENTS = YES;
				CLANG_WARN_EMPTY_BODY = YES;
				CLANG_WARN_ENUM_CONVERSION = YES;
				CLANG_WARN_INFINITE_RECURSION = YES;
				CLANG_WARN_INT_CONVERSION = YES;
				CLANG_WARN_NON_LITERAL_NULL_CONVERSION = YES;
				CLANG_WARN_OBJC_IMPLICIT_RETAIN_SELF = YES;
				CLANG_WARN_OBJC_LITERAL_CONVERSION = YES;
				CLANG_WARN_OBJC_ROOT_CLASS = YES_ERROR;
				CLANG_WARN_QUOTED_INCLUDE_IN_FRAMEWORK_HEADER = YES;
				CLANG_WARN_RANGE_LOOP_ANALYSIS = YES;
				CLANG_WARN_STRICT_PROTOTYPES = YES;
				CLANG_WARN_SUSPICIOUS_MOVE = YES;
				CLANG_WARN_UNGUARDED_AVAILABILITY = YES_AGGRESSIVE;
				CLANG_WARN_UNREACHABLE_CODE = YES;
				CLANG_WARN__DUPLICATE_METHOD_MATCH = YES;
				COPY_PHASE_STRIP = NO;
				DEBUG_INFORMATION_FORMAT = "dwarf-with-dsym";
				ENABLE_NS_ASSERTIONS = NO;
				ENABLE_STRICT_OBJC_MSGSEND = YES;
				GCC_C_LANGUAGE_STANDARD = gnu11;
				GCC_NO_COMMON_BLOCKS = YES;
				GCC_WARN_64_TO_32_BIT_CONVERSION = YES;
				GCC_WARN_ABOUT_RETURN_TYPE = YES_ERROR;
				GCC_WARN_UNDECLARED_SELECTOR = YES;
				GCC_WARN_UNINITIALIZED_AUTOS = YES_AGGRESSIVE;
				GCC_WARN_UNUSED_FUNCTION = YES;
				GCC_WARN_UNUSED_VARIABLE = YES;
				IPHONEOS_DEPLOYMENT_TARGET = 14.3;
				MTL_ENABLE_DEBUG_INFO = NO;
				MTL_FAST_MATH = YES;
				SDKROOT = iphoneos;
				SWIFT_COMPILATION_MODE = wholemodule;
				SWIFT_OPTIMIZATION_LEVEL = "-O";
				VALIDATE_PRODUCT = YES;
			};
			name = Release;
		};
		FD9D92EA25A13B2A003C7883 /* Debug */ = {
			isa = XCBuildConfiguration;
			baseConfigurationReference = 8B3BECB7D5B4441B64CF4EAE /* Pods-Sillo.debug.xcconfig */;
			buildSettings = {
				ASSETCATALOG_COMPILER_APPICON_NAME = AppIcon;
				ASSETCATALOG_COMPILER_GLOBAL_ACCENT_COLOR_NAME = AccentColor;
				CODE_SIGN_ENTITLEMENTS = Sillo/Sillo.entitlements;
				CODE_SIGN_STYLE = Automatic;
				DEVELOPMENT_TEAM = 9Z82JGWWDM;
				INFOPLIST_FILE = Sillo/Info.plist;
				IPHONEOS_DEPLOYMENT_TARGET = 13.0;
				LD_RUNPATH_SEARCH_PATHS = (
					"$(inherited)",
					"@executable_path/Frameworks",
				);
				PRODUCT_BUNDLE_IDENTIFIER = com.Sillo;
				PRODUCT_NAME = "$(TARGET_NAME)";
				SWIFT_VERSION = 5.0;
				TARGETED_DEVICE_FAMILY = "1,2";
			};
			name = Debug;
		};
		FD9D92EB25A13B2A003C7883 /* Release */ = {
			isa = XCBuildConfiguration;
			baseConfigurationReference = F29CDC423F1F6A880C4EFA11 /* Pods-Sillo.release.xcconfig */;
			buildSettings = {
				ASSETCATALOG_COMPILER_APPICON_NAME = AppIcon;
				ASSETCATALOG_COMPILER_GLOBAL_ACCENT_COLOR_NAME = AccentColor;
				CODE_SIGN_ENTITLEMENTS = Sillo/Sillo.entitlements;
				CODE_SIGN_STYLE = Automatic;
				DEVELOPMENT_TEAM = 9Z82JGWWDM;
				INFOPLIST_FILE = Sillo/Info.plist;
				IPHONEOS_DEPLOYMENT_TARGET = 13.0;
				LD_RUNPATH_SEARCH_PATHS = (
					"$(inherited)",
					"@executable_path/Frameworks",
				);
				PRODUCT_BUNDLE_IDENTIFIER = com.Sillo;
				PRODUCT_NAME = "$(TARGET_NAME)";
				SWIFT_VERSION = 5.0;
				TARGETED_DEVICE_FAMILY = "1,2";
			};
			name = Release;
		};
		FD9D92ED25A13B2A003C7883 /* Debug */ = {
			isa = XCBuildConfiguration;
			baseConfigurationReference = 82ADEC15985E2EB3E2847F79 /* Pods-SilloTests.debug.xcconfig */;
			buildSettings = {
				ALWAYS_EMBED_SWIFT_STANDARD_LIBRARIES = YES;
				BUNDLE_LOADER = "$(TEST_HOST)";
				CODE_SIGN_STYLE = Automatic;
				DEVELOPMENT_TEAM = 9Z82JGWWDM;
				INFOPLIST_FILE = SilloTests/Info.plist;
				IPHONEOS_DEPLOYMENT_TARGET = 14.3;
				LD_RUNPATH_SEARCH_PATHS = (
					"$(inherited)",
					"@executable_path/Frameworks",
					"@loader_path/Frameworks",
				);
				PRODUCT_BUNDLE_IDENTIFIER = com.SilloTests;
				PRODUCT_NAME = "$(TARGET_NAME)";
				SWIFT_VERSION = 5.0;
				TARGETED_DEVICE_FAMILY = "1,2";
				TEST_HOST = "$(BUILT_PRODUCTS_DIR)/Sillo.app/Sillo";
			};
			name = Debug;
		};
		FD9D92EE25A13B2A003C7883 /* Release */ = {
			isa = XCBuildConfiguration;
			baseConfigurationReference = 7BCA0954960CE21B72418AB6 /* Pods-SilloTests.release.xcconfig */;
			buildSettings = {
				ALWAYS_EMBED_SWIFT_STANDARD_LIBRARIES = YES;
				BUNDLE_LOADER = "$(TEST_HOST)";
				CODE_SIGN_STYLE = Automatic;
				DEVELOPMENT_TEAM = 9Z82JGWWDM;
				INFOPLIST_FILE = SilloTests/Info.plist;
				IPHONEOS_DEPLOYMENT_TARGET = 14.3;
				LD_RUNPATH_SEARCH_PATHS = (
					"$(inherited)",
					"@executable_path/Frameworks",
					"@loader_path/Frameworks",
				);
				PRODUCT_BUNDLE_IDENTIFIER = com.SilloTests;
				PRODUCT_NAME = "$(TARGET_NAME)";
				SWIFT_VERSION = 5.0;
				TARGETED_DEVICE_FAMILY = "1,2";
				TEST_HOST = "$(BUILT_PRODUCTS_DIR)/Sillo.app/Sillo";
			};
			name = Release;
		};
		FD9D92F025A13B2A003C7883 /* Debug */ = {
			isa = XCBuildConfiguration;
			baseConfigurationReference = 1EBAA2DAE90204B4F443FF7A /* Pods-Sillo-SilloUITests.debug.xcconfig */;
			buildSettings = {
				ALWAYS_EMBED_SWIFT_STANDARD_LIBRARIES = YES;
				CODE_SIGN_STYLE = Automatic;
				DEVELOPMENT_TEAM = 9Z82JGWWDM;
				INFOPLIST_FILE = SilloUITests/Info.plist;
				LD_RUNPATH_SEARCH_PATHS = (
					"$(inherited)",
					"@executable_path/Frameworks",
					"@loader_path/Frameworks",
				);
				PRODUCT_BUNDLE_IDENTIFIER = com.SilloUITests;
				PRODUCT_NAME = "$(TARGET_NAME)";
				SWIFT_VERSION = 5.0;
				TARGETED_DEVICE_FAMILY = "1,2";
				TEST_TARGET_NAME = Sillo;
			};
			name = Debug;
		};
		FD9D92F125A13B2A003C7883 /* Release */ = {
			isa = XCBuildConfiguration;
			baseConfigurationReference = C3E5B7BDD69653A1973E77B0 /* Pods-Sillo-SilloUITests.release.xcconfig */;
			buildSettings = {
				ALWAYS_EMBED_SWIFT_STANDARD_LIBRARIES = YES;
				CODE_SIGN_STYLE = Automatic;
				DEVELOPMENT_TEAM = 9Z82JGWWDM;
				INFOPLIST_FILE = SilloUITests/Info.plist;
				LD_RUNPATH_SEARCH_PATHS = (
					"$(inherited)",
					"@executable_path/Frameworks",
					"@loader_path/Frameworks",
				);
				PRODUCT_BUNDLE_IDENTIFIER = com.SilloUITests;
				PRODUCT_NAME = "$(TARGET_NAME)";
				SWIFT_VERSION = 5.0;
				TARGETED_DEVICE_FAMILY = "1,2";
				TEST_TARGET_NAME = Sillo;
			};
			name = Release;
		};
/* End XCBuildConfiguration section */

/* Begin XCConfigurationList section */
		FD9D92B725A13B25003C7883 /* Build configuration list for PBXProject "Sillo" */ = {
			isa = XCConfigurationList;
			buildConfigurations = (
				FD9D92E725A13B2A003C7883 /* Debug */,
				FD9D92E825A13B2A003C7883 /* Release */,
			);
			defaultConfigurationIsVisible = 0;
			defaultConfigurationName = Release;
		};
		FD9D92E925A13B2A003C7883 /* Build configuration list for PBXNativeTarget "Sillo" */ = {
			isa = XCConfigurationList;
			buildConfigurations = (
				FD9D92EA25A13B2A003C7883 /* Debug */,
				FD9D92EB25A13B2A003C7883 /* Release */,
			);
			defaultConfigurationIsVisible = 0;
			defaultConfigurationName = Release;
		};
		FD9D92EC25A13B2A003C7883 /* Build configuration list for PBXNativeTarget "SilloTests" */ = {
			isa = XCConfigurationList;
			buildConfigurations = (
				FD9D92ED25A13B2A003C7883 /* Debug */,
				FD9D92EE25A13B2A003C7883 /* Release */,
			);
			defaultConfigurationIsVisible = 0;
			defaultConfigurationName = Release;
		};
		FD9D92EF25A13B2A003C7883 /* Build configuration list for PBXNativeTarget "SilloUITests" */ = {
			isa = XCConfigurationList;
			buildConfigurations = (
				FD9D92F025A13B2A003C7883 /* Debug */,
				FD9D92F125A13B2A003C7883 /* Release */,
			);
			defaultConfigurationIsVisible = 0;
			defaultConfigurationName = Release;
		};
/* End XCConfigurationList section */

/* Begin XCVersionGroup section */
		FD9D92C825A13B25003C7883 /* Sillo.xcdatamodeld */ = {
			isa = XCVersionGroup;
			children = (
				FD9D92C925A13B25003C7883 /* Sillo.xcdatamodel */,
			);
			currentVersion = FD9D92C925A13B25003C7883 /* Sillo.xcdatamodel */;
			path = Sillo.xcdatamodeld;
			sourceTree = "<group>";
			versionGroupType = wrapper.xcdatamodel;
		};
/* End XCVersionGroup section */
	};
	rootObject = FD9D92B425A13B25003C7883 /* Project object */;
}
